Microsoft Visual Studio Solution File, Format Version 12.00
# Visual Studio Version 17
VisualStudioVersion = 17.11.35201.85
MinimumVisualStudioVersion = 10.0.40219.1
Project("{9A19103F-16F7-4668-BE54-9A1E7A4F7556}") = "UniversalHybridTemplate_Shared", "UniversalHybridTemplate_Shared\UniversalHybridTemplate_Shared.csproj", "{A2E8AAC8-F82D-44DF-8E7B-9DDF93339134}"
EndProject
Project("{FAE04EC0-301F-11D3-BF4B-00C04F79EFBC}") = "UniversalHybridTemplate_Web", "UniversalHybridTemplate_Web\UniversalHybridTemplate_Web.csproj", "{66DDE7F7-FFF4-44C1-939E-443A84FF8203}"
EndProject
Project("{FAE04EC0-301F-11D3-BF4B-00C04F79EFBC}") = "UniversalHybridTemplate", "UniversalHybridTemplate\UniversalHybridTemplate.csproj", "{B2BEDBF1-4115-4C3E-86FE-B47DC4B1E56D}"
EndProject
Project("{FAE04EC0-301F-11D3-BF4B-00C04F79EFBC}") = "UniversalHybridTemplate_UniversalPlatform", "UniversalHybridTemplate_UniversalPlatform\UniversalHybridTemplate_UniversalPlatform.csproj", "{2489A4E9-3737-4E3F-AC73-351B28DAAA23}"
EndProject
Project("{2150E333-8FDC-42A3-9474-1A3956D46DE8}") = "Tools", "Tools", "{02EA681E-C7D8-13C7-8484-4AC65E1B71E8}"
	ProjectSection(SolutionItems) = preProject
		Tools\ChromiumDownloader.bat = Tools\ChromiumDownloader.bat
		Tools\RunRenamer.bat = Tools\RunRenamer.bat
	EndProjectSection
EndProject
Project("{FAE04EC0-301F-11D3-BF4B-00C04F79EFBC}") = "ChromiumDownloader", "Tools\ChromiumDownloader\ChromiumDownloader.csproj", "{B4CE4A87-AEF8-E0DD-F0B9-5EEF494D3A57}"
EndProject
Project("{FAE04EC0-301F-11D3-BF4B-00C04F79EFBC}") = "ProjectRenamer", "Tools\ProjectRenamer\ProjectRenamer.csproj", "{EA0FCCB3-5199-98CF-6273-BEDFA10459A7}"
EndProject
Project("{FAE04EC0-301F-11D3-BF4B-00C04F79EFBC}") = "UniversalSystemCalls", "UniversalSystemCalls\UniversalSystemCalls.csproj", "{639ED63B-7978-4618-9A96-CA6C549F9198}"
EndProject
Project("{2150E333-8FDC-42A3-9474-1A3956D46DE8}") = "Solution Items", "Solution Items", "{8EC462FD-D22E-90A8-E5CE-7E832BA40C5D}"
	ProjectSection(SolutionItems) = preProject
		.editorconfig = .editorconfig
		.gitattributes = .gitattributes
		.gitignore = .gitignore
		ChromiumDownloader.bat = ChromiumDownloader.bat
		RunRenamer.bat = RunRenamer.bat
	EndProjectSection
EndProject
Global
	GlobalSection(SolutionConfigurationPlatforms) = preSolution
		Debug|Any CPU = Debug|Any CPU
		Debug|ARM64 = Debug|ARM64
		Debug|x64 = Debug|x64
		Debug|x86 = Debug|x86
		Release|Any CPU = Release|Any CPU
		Release|ARM64 = Release|ARM64
		Release|x64 = Release|x64
		Release|x86 = Release|x86
	EndGlobalSection
	GlobalSection(ProjectConfigurationPlatforms) = postSolution
		{A2E8AAC8-F82D-44DF-8E7B-9DDF93339134}.Debug|Any CPU.ActiveCfg = Debug|Any CPU
		{A2E8AAC8-F82D-44DF-8E7B-9DDF93339134}.Debug|Any CPU.Build.0 = Debug|Any CPU
		{A2E8AAC8-F82D-44DF-8E7B-9DDF93339134}.Debug|ARM64.ActiveCfg = Debug|Any CPU
		{A2E8AAC8-F82D-44DF-8E7B-9DDF93339134}.Debug|ARM64.Build.0 = Debug|Any CPU
		{A2E8AAC8-F82D-44DF-8E7B-9DDF93339134}.Debug|x64.ActiveCfg = Debug|Any CPU
		{A2E8AAC8-F82D-44DF-8E7B-9DDF93339134}.Debug|x64.Build.0 = Debug|Any CPU
		{A2E8AAC8-F82D-44DF-8E7B-9DDF93339134}.Debug|x86.ActiveCfg = Debug|Any CPU
		{A2E8AAC8-F82D-44DF-8E7B-9DDF93339134}.Debug|x86.Build.0 = Debug|Any CPU
		{A2E8AAC8-F82D-44DF-8E7B-9DDF93339134}.Release|Any CPU.ActiveCfg = Release|Any CPU
		{A2E8AAC8-F82D-44DF-8E7B-9DDF93339134}.Release|Any CPU.Build.0 = Release|Any CPU
		{A2E8AAC8-F82D-44DF-8E7B-9DDF93339134}.Release|ARM64.ActiveCfg = Release|Any CPU
		{A2E8AAC8-F82D-44DF-8E7B-9DDF93339134}.Release|ARM64.Build.0 = Release|Any CPU
		{A2E8AAC8-F82D-44DF-8E7B-9DDF93339134}.Release|x64.ActiveCfg = Release|Any CPU
		{A2E8AAC8-F82D-44DF-8E7B-9DDF93339134}.Release|x64.Build.0 = Release|Any CPU
		{A2E8AAC8-F82D-44DF-8E7B-9DDF93339134}.Release|x86.ActiveCfg = Release|Any CPU
		{A2E8AAC8-F82D-44DF-8E7B-9DDF93339134}.Release|x86.Build.0 = Release|Any CPU
		{66DDE7F7-FFF4-44C1-939E-443A84FF8203}.Debug|Any CPU.ActiveCfg = Debug|Any CPU
		{66DDE7F7-FFF4-44C1-939E-443A84FF8203}.Debug|Any CPU.Build.0 = Debug|Any CPU
		{66DDE7F7-FFF4-44C1-939E-443A84FF8203}.Debug|ARM64.ActiveCfg = Debug|Any CPU
		{66DDE7F7-FFF4-44C1-939E-443A84FF8203}.Debug|ARM64.Build.0 = Debug|Any CPU
		{66DDE7F7-FFF4-44C1-939E-443A84FF8203}.Debug|x64.ActiveCfg = Debug|Any CPU
		{66DDE7F7-FFF4-44C1-939E-443A84FF8203}.Debug|x64.Build.0 = Debug|Any CPU
		{66DDE7F7-FFF4-44C1-939E-443A84FF8203}.Debug|x86.ActiveCfg = Debug|Any CPU
		{66DDE7F7-FFF4-44C1-939E-443A84FF8203}.Debug|x86.Build.0 = Debug|Any CPU
		{66DDE7F7-FFF4-44C1-939E-443A84FF8203}.Release|Any CPU.ActiveCfg = Release|Any CPU
		{66DDE7F7-FFF4-44C1-939E-443A84FF8203}.Release|Any CPU.Build.0 = Release|Any CPU
		{66DDE7F7-FFF4-44C1-939E-443A84FF8203}.Release|ARM64.ActiveCfg = Release|Any CPU
		{66DDE7F7-FFF4-44C1-939E-443A84FF8203}.Release|ARM64.Build.0 = Release|Any CPU
		{66DDE7F7-FFF4-44C1-939E-443A84FF8203}.Release|x64.ActiveCfg = Release|Any CPU
		{66DDE7F7-FFF4-44C1-939E-443A84FF8203}.Release|x64.Build.0 = Release|Any CPU
		{66DDE7F7-FFF4-44C1-939E-443A84FF8203}.Release|x86.ActiveCfg = Release|Any CPU
		{66DDE7F7-FFF4-44C1-939E-443A84FF8203}.Release|x86.Build.0 = Release|Any CPU
		{B2BEDBF1-4115-4C3E-86FE-B47DC4B1E56D}.Debug|Any CPU.ActiveCfg = Debug|Any CPU
		{B2BEDBF1-4115-4C3E-86FE-B47DC4B1E56D}.Debug|Any CPU.Build.0 = Debug|Any CPU
		{B2BEDBF1-4115-4C3E-86FE-B47DC4B1E56D}.Debug|Any CPU.Deploy.0 = Debug|Any CPU
		{B2BEDBF1-4115-4C3E-86FE-B47DC4B1E56D}.Debug|ARM64.ActiveCfg = Debug|Any CPU
		{B2BEDBF1-4115-4C3E-86FE-B47DC4B1E56D}.Debug|ARM64.Build.0 = Debug|Any CPU
		{B2BEDBF1-4115-4C3E-86FE-B47DC4B1E56D}.Debug|ARM64.Deploy.0 = Debug|Any CPU
		{B2BEDBF1-4115-4C3E-86FE-B47DC4B1E56D}.Debug|x64.ActiveCfg = Debug|Any CPU
		{B2BEDBF1-4115-4C3E-86FE-B47DC4B1E56D}.Debug|x64.Build.0 = Debug|Any CPU
		{B2BEDBF1-4115-4C3E-86FE-B47DC4B1E56D}.Debug|x64.Deploy.0 = Debug|Any CPU
		{B2BEDBF1-4115-4C3E-86FE-B47DC4B1E56D}.Debug|x86.ActiveCfg = Debug|Any CPU
		{B2BEDBF1-4115-4C3E-86FE-B47DC4B1E56D}.Debug|x86.Build.0 = Debug|Any CPU
		{B2BEDBF1-4115-4C3E-86FE-B47DC4B1E56D}.Debug|x86.Deploy.0 = Debug|Any CPU
		{B2BEDBF1-4115-4C3E-86FE-B47DC4B1E56D}.Release|Any CPU.ActiveCfg = Release|Any CPU
		{B2BEDBF1-4115-4C3E-86FE-B47DC4B1E56D}.Release|Any CPU.Build.0 = Release|Any CPU
		{B2BEDBF1-4115-4C3E-86FE-B47DC4B1E56D}.Release|Any CPU.Deploy.0 = Release|Any CPU
		{B2BEDBF1-4115-4C3E-86FE-B47DC4B1E56D}.Release|ARM64.ActiveCfg = Release|Any CPU
		{B2BEDBF1-4115-4C3E-86FE-B47DC4B1E56D}.Release|ARM64.Build.0 = Release|Any CPU
		{B2BEDBF1-4115-4C3E-86FE-B47DC4B1E56D}.Release|ARM64.Deploy.0 = Release|Any CPU
		{B2BEDBF1-4115-4C3E-86FE-B47DC4B1E56D}.Release|x64.ActiveCfg = Release|Any CPU
		{B2BEDBF1-4115-4C3E-86FE-B47DC4B1E56D}.Release|x64.Build.0 = Release|Any CPU
		{B2BEDBF1-4115-4C3E-86FE-B47DC4B1E56D}.Release|x64.Deploy.0 = Release|Any CPU
		{B2BEDBF1-4115-4C3E-86FE-B47DC4B1E56D}.Release|x86.ActiveCfg = Release|Any CPU
		{B2BEDBF1-4115-4C3E-86FE-B47DC4B1E56D}.Release|x86.Build.0 = Release|Any CPU
		{B2BEDBF1-4115-4C3E-86FE-B47DC4B1E56D}.Release|x86.Deploy.0 = Release|Any CPU
		{2489A4E9-3737-4E3F-AC73-351B28DAAA23}.Debug|Any CPU.ActiveCfg = Debug|Any CPU
		{2489A4E9-3737-4E3F-AC73-351B28DAAA23}.Debug|Any CPU.Build.0 = Debug|Any CPU
		{2489A4E9-3737-4E3F-AC73-351B28DAAA23}.Debug|ARM64.ActiveCfg = Debug|Any CPU
		{2489A4E9-3737-4E3F-AC73-351B28DAAA23}.Debug|ARM64.Build.0 = Debug|Any CPU
		{2489A4E9-3737-4E3F-AC73-351B28DAAA23}.Debug|x64.ActiveCfg = Debug|Any CPU
		{2489A4E9-3737-4E3F-AC73-351B28DAAA23}.Debug|x64.Build.0 = Debug|Any CPU
		{2489A4E9-3737-4E3F-AC73-351B28DAAA23}.Debug|x86.ActiveCfg = Debug|Any CPU
		{2489A4E9-3737-4E3F-AC73-351B28DAAA23}.Debug|x86.Build.0 = Debug|Any CPU
		{2489A4E9-3737-4E3F-AC73-351B28DAAA23}.Release|Any CPU.ActiveCfg = Release|Any CPU
		{2489A4E9-3737-4E3F-AC73-351B28DAAA23}.Release|Any CPU.Build.0 = Release|Any CPU
		{2489A4E9-3737-4E3F-AC73-351B28DAAA23}.Release|ARM64.ActiveCfg = Release|Any CPU
		{2489A4E9-3737-4E3F-AC73-351B28DAAA23}.Release|ARM64.Build.0 = Release|Any CPU
		{2489A4E9-3737-4E3F-AC73-351B28DAAA23}.Release|x64.ActiveCfg = Release|Any CPU
		{2489A4E9-3737-4E3F-AC73-351B28DAAA23}.Release|x64.Build.0 = Release|Any CPU
		{2489A4E9-3737-4E3F-AC73-351B28DAAA23}.Release|x86.ActiveCfg = Release|Any CPU
		{2489A4E9-3737-4E3F-AC73-351B28DAAA23}.Release|x86.Build.0 = Release|Any CPU
		{B4CE4A87-AEF8-E0DD-F0B9-5EEF494D3A57}.Debug|Any CPU.ActiveCfg = Debug|Any CPU
		{B4CE4A87-AEF8-E0DD-F0B9-5EEF494D3A57}.Debug|Any CPU.Build.0 = Debug|Any CPU
		{B4CE4A87-AEF8-E0DD-F0B9-5EEF494D3A57}.Debug|ARM64.ActiveCfg = Debug|Any CPU
		{B4CE4A87-AEF8-E0DD-F0B9-5EEF494D3A57}.Debug|ARM64.Build.0 = Debug|Any CPU
		{B4CE4A87-AEF8-E0DD-F0B9-5EEF494D3A57}.Debug|x64.ActiveCfg = Debug|Any CPU
		{B4CE4A87-AEF8-E0DD-F0B9-5EEF494D3A57}.Debug|x64.Build.0 = Debug|Any CPU
		{B4CE4A87-AEF8-E0DD-F0B9-5EEF494D3A57}.Debug|x86.ActiveCfg = Debug|Any CPU
		{B4CE4A87-AEF8-E0DD-F0B9-5EEF494D3A57}.Debug|x86.Build.0 = Debug|Any CPU
		{B4CE4A87-AEF8-E0DD-F0B9-5EEF494D3A57}.Release|Any CPU.ActiveCfg = Release|Any CPU
		{B4CE4A87-AEF8-E0DD-F0B9-5EEF494D3A57}.Release|Any CPU.Build.0 = Release|Any CPU
		{B4CE4A87-AEF8-E0DD-F0B9-5EEF494D3A57}.Release|ARM64.ActiveCfg = Release|Any CPU
		{B4CE4A87-AEF8-E0DD-F0B9-5EEF494D3A57}.Release|ARM64.Build.0 = Release|Any CPU
		{B4CE4A87-AEF8-E0DD-F0B9-5EEF494D3A57}.Release|x64.ActiveCfg = Release|Any CPU
		{B4CE4A87-AEF8-E0DD-F0B9-5EEF494D3A57}.Release|x64.Build.0 = Release|Any CPU
		{B4CE4A87-AEF8-E0DD-F0B9-5EEF494D3A57}.Release|x86.ActiveCfg = Release|Any CPU
		{B4CE4A87-AEF8-E0DD-F0B9-5EEF494D3A57}.Release|x86.Build.0 = Release|Any CPU
		{EA0FCCB3-5199-98CF-6273-BEDFA10459A7}.Debug|Any CPU.ActiveCfg = Debug|Any CPU
		{EA0FCCB3-5199-98CF-6273-BEDFA10459A7}.Debug|Any CPU.Build.0 = Debug|Any CPU
		{EA0FCCB3-5199-98CF-6273-BEDFA10459A7}.Debug|ARM64.ActiveCfg = Debug|Any CPU
		{EA0FCCB3-5199-98CF-6273-BEDFA10459A7}.Debug|ARM64.Build.0 = Debug|Any CPU
		{EA0FCCB3-5199-98CF-6273-BEDFA10459A7}.Debug|x64.ActiveCfg = Debug|Any CPU
		{EA0FCCB3-5199-98CF-6273-BEDFA10459A7}.Debug|x64.Build.0 = Debug|Any CPU
		{EA0FCCB3-5199-98CF-6273-BEDFA10459A7}.Debug|x86.ActiveCfg = Debug|Any CPU
		{EA0FCCB3-5199-98CF-6273-BEDFA10459A7}.Debug|x86.Build.0 = Debug|Any CPU
		{EA0FCCB3-5199-98CF-6273-BEDFA10459A7}.Release|Any CPU.ActiveCfg = Release|Any CPU
		{EA0FCCB3-5199-98CF-6273-BEDFA10459A7}.Release|Any CPU.Build.0 = Release|Any CPU
		{EA0FCCB3-5199-98CF-6273-BEDFA10459A7}.Release|ARM64.ActiveCfg = Release|Any CPU
		{EA0FCCB3-5199-98CF-6273-BEDFA10459A7}.Release|ARM64.Build.0 = Release|Any CPU
		{EA0FCCB3-5199-98CF-6273-BEDFA10459A7}.Release|x64.ActiveCfg = Release|Any CPU
		{EA0FCCB3-5199-98CF-6273-BEDFA10459A7}.Release|x64.Build.0 = Release|Any CPU
		{EA0FCCB3-5199-98CF-6273-BEDFA10459A7}.Release|x86.ActiveCfg = Release|Any CPU
		{EA0FCCB3-5199-98CF-6273-BEDFA10459A7}.Release|x86.Build.0 = Release|Any CPU
		{639ED63B-7978-4618-9A96-CA6C549F9198}.Debug|Any CPU.ActiveCfg = Debug|Any CPU
		{639ED63B-7978-4618-9A96-CA6C549F9198}.Debug|Any CPU.Build.0 = Debug|Any CPU
		{639ED63B-7978-4618-9A96-CA6C549F9198}.Debug|ARM64.ActiveCfg = Debug|Any CPU
		{639ED63B-7978-4618-9A96-CA6C549F9198}.Debug|ARM64.Build.0 = Debug|Any CPU
		{639ED63B-7978-4618-9A96-CA6C549F9198}.Debug|x64.ActiveCfg = Debug|Any CPU
		{639ED63B-7978-4618-9A96-CA6C549F9198}.Debug|x64.Build.0 = Debug|Any CPU
		{639ED63B-7978-4618-9A96-CA6C549F9198}.Debug|x86.ActiveCfg = Debug|Any CPU
		{639ED63B-7978-4618-9A96-CA6C549F9198}.Debug|x86.Build.0 = Debug|Any CPU
		{639ED63B-7978-4618-9A96-CA6C549F9198}.Release|Any CPU.ActiveCfg = Release|Any CPU
		{639ED63B-7978-4618-9A96-CA6C549F9198}.Release|Any CPU.Build.0 = Release|Any CPU
		{639ED63B-7978-4618-9A96-CA6C549F9198}.Release|ARM64.ActiveCfg = Release|Any CPU
		{639ED63B-7978-4618-9A96-CA6C549F9198}.Release|ARM64.Build.0 = Release|Any CPU
		{639ED63B-7978-4618-9A96-CA6C549F9198}.Release|x64.ActiveCfg = Release|Any CPU
		{639ED63B-7978-4618-9A96-CA6C549F9198}.Release|x64.Build.0 = Release|Any CPU
		{639ED63B-7978-4618-9A96-CA6C549F9198}.Release|x86.ActiveCfg = Release|Any CPU
		{639ED63B-7978-4618-9A96-CA6C549F9198}.Release|x86.Build.0 = Release|Any CPU
	EndGlobalSection
	GlobalSection(SolutionProperties) = preSolution
		HideSolutionNode = FALSE
	EndGlobalSection
	GlobalSection(NestedProjects) = preSolution
		{B4CE4A87-AEF8-E0DD-F0B9-5EEF494D3A57} = {02EA681E-C7D8-13C7-8484-4AC65E1B71E8}
		{EA0FCCB3-5199-98CF-6273-BEDFA10459A7} = {02EA681E-C7D8-13C7-8484-4AC65E1B71E8}
	EndGlobalSection
	GlobalSection(ExtensibilityGlobals) = postSolution
		SolutionGuid = {309DF958-F57E-460E-A221-1A348044B083}
	EndGlobalSection
EndGlobal
